
Microsoft Visual Studio Solution File, Format Version 12.00
# Visual Studio Version 17
VisualStudioVersion = 17.11.35327.3
MinimumVisualStudioVersion = 10.0.40219.1
Project("{FAE04EC0-301F-11D3-BF4B-00C04F79EFBC}") = "QuizAppSoftware", "QuizAppSoftware\QuizAppSoftware.csproj", "{421C26D7-1058-4972-8DD4-0FC43BCC2504}"
EndProject
Global
	GlobalSection(SolutionConfigurationPlatforms) = preSolution
		Debug|Any CPU = Debug|Any CPU
		Release|Any CPU = Release|Any CPU
	EndGlobalSection
	GlobalSection(ProjectConfigurationPlatforms) = postSolution
		{421C26D7-1058-4972-8DD4-0FC43BCC2504}.Debug|Any CPU.ActiveCfg = Debug|Any CPU
		{421C26D7-1058-4972-8DD4-0FC43BCC2504}.Debug|Any CPU.Build.0 = Debug|Any CPU
		{421C26D7-1058-4972-8DD4-0FC43BCC2504}.Release|Any CPU.ActiveCfg = Release|Any CPU
		{421C26D7-1058-4972-8DD4-0FC43BCC2504}.Release|Any CPU.Build.0 = Release|Any CPU
	EndGlobalSection
	GlobalSection(SolutionProperties) = preSolution
		HideSolutionNode = FALSE
	EndGlobalSection
	GlobalSection(ExtensibilityGlobals) = postSolution
		SolutionGuid = {29E732C9-B322-4DD4-80E5-EB7464AFD0F6}
	EndGlobalSection
EndGlobal
